github.com/airbnb/lottie-web v5.12.2+incompatible h1:Ldogtlhiucf7mMsgisyxSBY0qunV44+lpa9Icy2KoQc=
github.com/airbnb/lottie-web v5.12.2+incompatible/go.mod h1:nTss557UK9FGnp8QYlCMO29tjUHwbdAHG/DprbGfHGE=
github.com/gethinode/mod-bootstrap v1.2.2 h1:Q8E04OKWr9owk7nhQ/NBukUgSFhsECxZsOLEaf5oeiQ=
github.com/gethinode/mod-bootstrap v1.2.2/go.mod h1:DcpPc2cNaXUPGEvhD7npuEEPA7573NvakTlrwFbyjr8=
github.com/gethinode/mod-flexsearch v1.7.1 h1:f4rjKkhleDVzqwUmwP1xZdhjru5VQ9g0MRDz0G6oLyY=
github.com/gethinode/mod-flexsearch v1.7.1/go.mod h1:TXbGbWsvmhBdsTzRt887mcpFfr4ORpzG3+h/l4W3YM4=
github.com/gethinode/mod-fontawesome v1.5.1 h1:C7goQY4HrEua/lpjC++laydNKBuYo1+307ngn5tyXeM=
github.com/gethinode/mod-fontawesome v1.5.1/go.mod h1:Ki1qkWEOiF0hQpCgWeZRw+HkpL6nd1DxKFptU0O2feI=
github.com/gethinode/mod-katex v1.0.4 h1:NozgWPFnHhx1W+E9DnwMTRpvxPbdqdANEtwp9N3/mj8=
github.com/gethinode/mod-katex v1.0.4/go.mod h1:byAfpI3wuqNJIooTGVEGc1cjBhhCy4+CcK1H6495MYg=
github.com/gethinode/mod-leaflet v0.3.5 h1:69Bv/6zRXhbcTzo7TMr58h3ry47srHRpM1k81LrLbYU=
github.com/gethinode/mod-leaflet v0.3.5/go.mod h1:uGggt87x4Fw7wBoJpSiUvNkYg+s/Ujne7klAX2rxMRk=
github.com/gethinode/mod-lottie v1.3.0 h1:vQ8CXkjdp2IeFskTzu+ZnKOEio8GtN08urVK+oCH81E=
github.com/gethinode/mod-lottie v1.3.0/go.mod h1:erRCgSL2FCfKHI0jQbSpM+g0jXl7SjKVJrh7kWGteKs=
github.com/nextapps-de/flexsearch v0.0.0-20230711092928-1243fd883ec3 h1:H/qVR5O4BXjRjD+5PZB+r4ug2BSJ2Of4RtwOntd+OKo=
github.com/nextapps-de/flexsearch v0.0.0-20230711092928-1243fd883ec3/go.mod h1:5GdMfPAXzbA2gXBqTjC6l27kioSYzHlqDMh0+wyx7sU=
github.com/twbs/bootstrap v5.3.2+incompatible h1:tuiO5acc6xnZUR77Sbi5aKWXxjYxbmsSbJwYrhAKoQQ=
github.com/twbs/bootstrap v5.3.2+incompatible/go.mod h1:fZTSrkpSf0/HkL0IIJzvVspTt1r9zuf7XlZau8kpcY0=
